
Microsoft Visual Studio Solution File, Format Version 12.00
# Visual Studio 2012
Project("{2150E333-8FDC-42A3-9474-1A3956D46DE8}") = "Tests", "Tests", "{06D98182-1F64-4D21-ADA4-8128EE63591A}"
EndProject
Project("{2150E333-8FDC-42A3-9474-1A3956D46DE8}") = "Common", "Common", "{C9DE2E96-F563-435A-80F2-B181986AB236}"
EndProject
Project("{F2A71F9B-5D33-465A-A702-920D77279786}") = "Problem1", "Problem1\Problem1.fsproj", "{EB9FCC46-7B4B-4B30-9980-64DB1D1C9A56}"
EndProject
Project("{F2A71F9B-5D33-465A-A702-920D77279786}") = "Problem2", "Problem2\Problem2.fsproj", "{A383883F-7DE7-4E80-B6F2-DBAD1C41B747}"
EndProject
Project("{F2A71F9B-5D33-465A-A702-920D77279786}") = "Problem3", "Problem3\Problem3.fsproj", "{3FBDF57C-4096-4196-BDE6-F2EE7B2FCCAC}"
EndProject
Project("{F2A71F9B-5D33-465A-A702-920D77279786}") = "Problem4", "Problem4\Problem4.fsproj", "{3298AEF2-0B8F-46C3-B96F-07CFB0845D89}"
EndProject
Project("{F2A71F9B-5D33-465A-A702-920D77279786}") = "Problem5", "Problem5\Problem5.fsproj", "{042BD000-C39F-4DCF-8F4C-4745AC896256}"
EndProject
Project("{F2A71F9B-5D33-465A-A702-920D77279786}") = "Common", "Common\Common.fsproj", "{D328F206-8CE5-4C2A-8EA8-55DFE1451B83}"
EndProject
Project("{F2A71F9B-5D33-465A-A702-920D77279786}") = "Common.Tests", "Common.Tests\Common.Tests.fsproj", "{55B39AE9-07B9-4235-A0C9-EE7F7C78F4DE}"
EndProject
Project("{F2A71F9B-5D33-465A-A702-920D77279786}") = "Problem6", "Problem6\Problem6.fsproj", "{E8EAD576-C1EB-4985-A802-0D62302250AA}"
EndProject
Global
	GlobalSection(SolutionConfigurationPlatforms) = preSolution
		Debug|Any CPU = Debug|Any CPU
		Debug|Mixed Platforms = Debug|Mixed Platforms
		Debug|x86 = Debug|x86
		Release|Any CPU = Release|Any CPU
		Release|Mixed Platforms = Release|Mixed Platforms
		Release|x86 = Release|x86
	EndGlobalSection
	GlobalSection(ProjectConfigurationPlatforms) = postSolution
		{EB9FCC46-7B4B-4B30-9980-64DB1D1C9A56}.Debug|Any CPU.ActiveCfg = Debug|x86
		{EB9FCC46-7B4B-4B30-9980-64DB1D1C9A56}.Debug|Mixed Platforms.ActiveCfg = Debug|x86
		{EB9FCC46-7B4B-4B30-9980-64DB1D1C9A56}.Debug|Mixed Platforms.Build.0 = Debug|x86
		{EB9FCC46-7B4B-4B30-9980-64DB1D1C9A56}.Debug|x86.ActiveCfg = Debug|x86
		{EB9FCC46-7B4B-4B30-9980-64DB1D1C9A56}.Debug|x86.Build.0 = Debug|x86
		{EB9FCC46-7B4B-4B30-9980-64DB1D1C9A56}.Release|Any CPU.ActiveCfg = Release|x86
		{EB9FCC46-7B4B-4B30-9980-64DB1D1C9A56}.Release|Mixed Platforms.ActiveCfg = Release|x86
		{EB9FCC46-7B4B-4B30-9980-64DB1D1C9A56}.Release|Mixed Platforms.Build.0 = Release|x86
		{EB9FCC46-7B4B-4B30-9980-64DB1D1C9A56}.Release|x86.ActiveCfg = Release|x86
		{EB9FCC46-7B4B-4B30-9980-64DB1D1C9A56}.Release|x86.Build.0 = Release|x86
		{A383883F-7DE7-4E80-B6F2-DBAD1C41B747}.Debug|Any CPU.ActiveCfg = Debug|x86
		{A383883F-7DE7-4E80-B6F2-DBAD1C41B747}.Debug|Mixed Platforms.ActiveCfg = Debug|x86
		{A383883F-7DE7-4E80-B6F2-DBAD1C41B747}.Debug|Mixed Platforms.Build.0 = Debug|x86
		{A383883F-7DE7-4E80-B6F2-DBAD1C41B747}.Debug|x86.ActiveCfg = Debug|x86
		{A383883F-7DE7-4E80-B6F2-DBAD1C41B747}.Debug|x86.Build.0 = Debug|x86
		{A383883F-7DE7-4E80-B6F2-DBAD1C41B747}.Release|Any CPU.ActiveCfg = Release|x86
		{A383883F-7DE7-4E80-B6F2-DBAD1C41B747}.Release|Mixed Platforms.ActiveCfg = Release|x86
		{A383883F-7DE7-4E80-B6F2-DBAD1C41B747}.Release|Mixed Platforms.Build.0 = Release|x86
		{A383883F-7DE7-4E80-B6F2-DBAD1C41B747}.Release|x86.ActiveCfg = Release|x86
		{A383883F-7DE7-4E80-B6F2-DBAD1C41B747}.Release|x86.Build.0 = Release|x86
		{3FBDF57C-4096-4196-BDE6-F2EE7B2FCCAC}.Debug|Any CPU.ActiveCfg = Debug|x86
		{3FBDF57C-4096-4196-BDE6-F2EE7B2FCCAC}.Debug|Mixed Platforms.ActiveCfg = Debug|x86
		{3FBDF57C-4096-4196-BDE6-F2EE7B2FCCAC}.Debug|Mixed Platforms.Build.0 = Debug|x86
		{3FBDF57C-4096-4196-BDE6-F2EE7B2FCCAC}.Debug|x86.ActiveCfg = Debug|x86
		{3FBDF57C-4096-4196-BDE6-F2EE7B2FCCAC}.Debug|x86.Build.0 = Debug|x86
		{3FBDF57C-4096-4196-BDE6-F2EE7B2FCCAC}.Release|Any CPU.ActiveCfg = Release|x86
		{3FBDF57C-4096-4196-BDE6-F2EE7B2FCCAC}.Release|Mixed Platforms.ActiveCfg = Release|x86
		{3FBDF57C-4096-4196-BDE6-F2EE7B2FCCAC}.Release|Mixed Platforms.Build.0 = Release|x86
		{3FBDF57C-4096-4196-BDE6-F2EE7B2FCCAC}.Release|x86.ActiveCfg = Release|x86
		{3FBDF57C-4096-4196-BDE6-F2EE7B2FCCAC}.Release|x86.Build.0 = Release|x86
		{3298AEF2-0B8F-46C3-B96F-07CFB0845D89}.Debug|Any CPU.ActiveCfg = Debug|x86
		{3298AEF2-0B8F-46C3-B96F-07CFB0845D89}.Debug|Mixed Platforms.ActiveCfg = Debug|x86
		{3298AEF2-0B8F-46C3-B96F-07CFB0845D89}.Debug|Mixed Platforms.Build.0 = Debug|x86
		{3298AEF2-0B8F-46C3-B96F-07CFB0845D89}.Debug|x86.ActiveCfg = Debug|x86
		{3298AEF2-0B8F-46C3-B96F-07CFB0845D89}.Debug|x86.Build.0 = Debug|x86
		{3298AEF2-0B8F-46C3-B96F-07CFB0845D89}.Release|Any CPU.ActiveCfg = Release|x86
		{3298AEF2-0B8F-46C3-B96F-07CFB0845D89}.Release|Mixed Platforms.ActiveCfg = Release|x86
		{3298AEF2-0B8F-46C3-B96F-07CFB0845D89}.Release|Mixed Platforms.Build.0 = Release|x86
		{3298AEF2-0B8F-46C3-B96F-07CFB0845D89}.Release|x86.ActiveCfg = Release|x86
		{3298AEF2-0B8F-46C3-B96F-07CFB0845D89}.Release|x86.Build.0 = Release|x86
		{042BD000-C39F-4DCF-8F4C-4745AC896256}.Debug|Any CPU.ActiveCfg = Debug|x86
		{042BD000-C39F-4DCF-8F4C-4745AC896256}.Debug|Mixed Platforms.ActiveCfg = Debug|x86
		{042BD000-C39F-4DCF-8F4C-4745AC896256}.Debug|Mixed Platforms.Build.0 = Debug|x86
		{042BD000-C39F-4DCF-8F4C-4745AC896256}.Debug|x86.ActiveCfg = Debug|x86
		{042BD000-C39F-4DCF-8F4C-4745AC896256}.Debug|x86.Build.0 = Debug|x86
		{042BD000-C39F-4DCF-8F4C-4745AC896256}.Release|Any CPU.ActiveCfg = Release|x86
		{042BD000-C39F-4DCF-8F4C-4745AC896256}.Release|Mixed Platforms.ActiveCfg = Release|x86
		{042BD000-C39F-4DCF-8F4C-4745AC896256}.Release|Mixed Platforms.Build.0 = Release|x86
		{042BD000-C39F-4DCF-8F4C-4745AC896256}.Release|x86.ActiveCfg = Release|x86
		{042BD000-C39F-4DCF-8F4C-4745AC896256}.Release|x86.Build.0 = Release|x86
		{D328F206-8CE5-4C2A-8EA8-55DFE1451B83}.Debug|Any CPU.ActiveCfg = Debug|Any CPU
		{D328F206-8CE5-4C2A-8EA8-55DFE1451B83}.Debug|Any CPU.Build.0 = Debug|Any CPU
		{D328F206-8CE5-4C2A-8EA8-55DFE1451B83}.Debug|Mixed Platforms.ActiveCfg = Debug|Any CPU
		{D328F206-8CE5-4C2A-8EA8-55DFE1451B83}.Debug|Mixed Platforms.Build.0 = Debug|Any CPU
		{D328F206-8CE5-4C2A-8EA8-55DFE1451B83}.Debug|x86.ActiveCfg = Debug|Any CPU
		{D328F206-8CE5-4C2A-8EA8-55DFE1451B83}.Release|Any CPU.ActiveCfg = Release|Any CPU
		{D328F206-8CE5-4C2A-8EA8-55DFE1451B83}.Release|Any CPU.Build.0 = Release|Any CPU
		{D328F206-8CE5-4C2A-8EA8-55DFE1451B83}.Release|Mixed Platforms.ActiveCfg = Release|Any CPU
		{D328F206-8CE5-4C2A-8EA8-55DFE1451B83}.Release|Mixed Platforms.Build.0 = Release|Any CPU
		{D328F206-8CE5-4C2A-8EA8-55DFE1451B83}.Release|x86.ActiveCfg = Release|Any CPU
		{55B39AE9-07B9-4235-A0C9-EE7F7C78F4DE}.Debug|Any CPU.ActiveCfg = Debug|x86
		{55B39AE9-07B9-4235-A0C9-EE7F7C78F4DE}.Debug|Mixed Platforms.ActiveCfg = Debug|x86
		{55B39AE9-07B9-4235-A0C9-EE7F7C78F4DE}.Debug|Mixed Platforms.Build.0 = Debug|x86
		{55B39AE9-07B9-4235-A0C9-EE7F7C78F4DE}.Debug|x86.ActiveCfg = Debug|x86
		{55B39AE9-07B9-4235-A0C9-EE7F7C78F4DE}.Debug|x86.Build.0 = Debug|x86
		{55B39AE9-07B9-4235-A0C9-EE7F7C78F4DE}.Release|Any CPU.ActiveCfg = Release|x86
		{55B39AE9-07B9-4235-A0C9-EE7F7C78F4DE}.Release|Mixed Platforms.ActiveCfg = Release|x86
		{55B39AE9-07B9-4235-A0C9-EE7F7C78F4DE}.Release|Mixed Platforms.Build.0 = Release|x86
		{55B39AE9-07B9-4235-A0C9-EE7F7C78F4DE}.Release|x86.ActiveCfg = Release|x86
		{55B39AE9-07B9-4235-A0C9-EE7F7C78F4DE}.Release|x86.Build.0 = Release|x86
		{E8EAD576-C1EB-4985-A802-0D62302250AA}.Debug|Any CPU.ActiveCfg = Debug|Any CPU
		{E8EAD576-C1EB-4985-A802-0D62302250AA}.Debug|Any CPU.Build.0 = Debug|Any CPU
		{E8EAD576-C1EB-4985-A802-0D62302250AA}.Debug|Mixed Platforms.ActiveCfg = Debug|Any CPU
		{E8EAD576-C1EB-4985-A802-0D62302250AA}.Debug|Mixed Platforms.Build.0 = Debug|Any CPU
		{E8EAD576-C1EB-4985-A802-0D62302250AA}.Debug|x86.ActiveCfg = Debug|Any CPU
		{E8EAD576-C1EB-4985-A802-0D62302250AA}.Release|Any CPU.ActiveCfg = Release|Any CPU
		{E8EAD576-C1EB-4985-A802-0D62302250AA}.Release|Any CPU.Build.0 = Release|Any CPU
		{E8EAD576-C1EB-4985-A802-0D62302250AA}.Release|Mixed Platforms.ActiveCfg = Release|Any CPU
		{E8EAD576-C1EB-4985-A802-0D62302250AA}.Release|Mixed Platforms.Build.0 = Release|Any CPU
		{E8EAD576-C1EB-4985-A802-0D62302250AA}.Release|x86.ActiveCfg = Release|Any CPU
	EndGlobalSection
	GlobalSection(SolutionProperties) = preSolution
		HideSolutionNode = FALSE
	EndGlobalSection
	GlobalSection(NestedProjects) = preSolution
		{55B39AE9-07B9-4235-A0C9-EE7F7C78F4DE} = {06D98182-1F64-4D21-ADA4-8128EE63591A}
		{D328F206-8CE5-4C2A-8EA8-55DFE1451B83} = {C9DE2E96-F563-435A-80F2-B181986AB236}
	EndGlobalSection
EndGlobal
